{
  "version": "5",
  "specifiers": {
    "jsr:@std/assert@1": "1.0.19",
    "jsr:@std/async@^1.4.0": "1.4.0",
    "jsr:@std/data-structures@^1.1.0": "1.1.0",
    "jsr:@std/internal@^1.0.10": "1.0.14",
    "jsr:@std/internal@^1.0.12": "1.0.14",
    "jsr:@std/path@1.1.2": "1.1.2",
    "jsr:@std/testing@1": "1.0.19",
    "npm:@sentry/deno@10.59.0": "10.59.0",
    "npm:@types/luxon@^3.7.2": "3.7.2",
    "npm:luxon@^3.7.2": "3.7.2",
    "npm:zod@^4.4.3": "4.4.3"
  },
  "jsr": {
    "@std/assert@1.0.19": {
      "integrity": "eaada96ee120cb980bc47e040f82814d786fe8162ecc53c91d8df60b8755991e",
      "dependencies": [
        "jsr:@std/internal@^1.0.12"
      ]
    },
    "@std/async@1.4.0": {
      "integrity": "4d70b008634f571cff9b554090d628c76141c32613aae0ff283fd5fa23d0c379"
    },
    "@std/data-structures@1.1.0": {
      "integrity": "c35ae4ad5d8e41a38573c2fe3e19b18ea2505f63cfea201edcb8720aca1f7f58"
    },
    "@std/internal@1.0.14": {
      "integrity": "291516b3d4c35024d6ffbc0a9df5bf4c64116e05b50012cf846710152d2ffdf7"
    },
    "@std/path@1.1.2": {
      "integrity": "c0b13b97dfe06546d5e16bf3966b1cadf92e1cc83e56ba5476ad8b498d9e3038",
      "dependencies": [
        "jsr:@std/internal@^1.0.10"
      ]
    },
    "@std/testing@1.0.19": {
      "integrity": "f4236172365b216728dc3cc8b5e80a9f4c33083d1e4ede7613d5b25b4014898e",
      "dependencies": [
        "jsr:@std/async",
        "jsr:@std/data-structures"
      ]
    }
  },
  "npm": {
    "@apm-js-collab/code-transformer-bundler-plugins@0.5.0": {
      "integrity": "sha512-YxLBY5nGlurL7QeJLq6e5g0ouBpAp0pwgyA/5rHXEXwhiPLn9ZHbT+Y2LlP90GT872cSocfjWRYu/fnpuBudNQ==",
      "dependencies": [
        "@apm-js-collab/code-transformer",
        "es-module-lexer",
        "magic-string",
        "module-details-from-path"
      ]
    },
    "@apm-js-collab/code-transformer@0.15.0": {
      "integrity": "sha512-XmXYVs8CzJ1Aj79noVbn2weUO/XWtRyURpGqx7aU7DOXlUQhR0WKOQNF0okh7PCeY37vxf7kU3v57OAkEPm3ww==",
      "dependencies": [
        "@types/estree",
        "astring",
        "esquery",
        "meriyah",
        "semifies",
        "source-map"
      ],
      "bin": true
    },
    "@apm-js-collab/tracing-hooks@0.10.0": {
      "integrity": "sha512-2/Z3NTewJTruUkmsSnBC5bJlLNUd9keuD1OLlTEpim4FyLhm6m2Rnfv+wrFdUvFfhmH8CRdiDZBqBrn+wyaGuA==",
      "dependencies": [
        "@apm-js-collab/code-transformer",
        "debug",
        "module-details-from-path"
      ]
    },
    "@jridgewell/sourcemap-codec@1.5.5": {
      "integrity": "sha512-cYQ9310grqxueWbl+WuIUIaiUaDcj7WOq5fVhEljNVgRfOUhY9fy2zTvfoqWsnebh8Sl70VScFbICvJnLKB0Og=="
    },
    "@opentelemetry/api@1.9.1": {
      "integrity": "sha512-gLyJlPHPZYdAk1JENA9LeHejZe1Ti77/pTeFm/nMXmQH/HFZlcS/O2XJB+L8fkbrNSqhdtlvjBVjxwUYanNH5Q=="
    },
    "@sentry/conventions@0.12.0": {
      "integrity": "sha512-z1JQrl/1SLY+8wpzvork6vl+fpsg/oCCxM7HWWhUnI/R+OGNyoIzieQuggX3uUMY7NBtp8UWCQx6FeFazzOF9g=="
    },
    "@sentry/core@10.59.0": {
      "integrity": "sha512-QeG7XZL5j6CkToYCE7OwCerb/r742Tjj9p1BBohBKcypYTPRuqfD+A3FeUj7pk5CGO6Vj1/gOAmdbuuNbR51dQ=="
    },
    "@sentry/deno@10.59.0": {
      "integrity": "sha512-+cGof16N3I5/cvtZ3oBOc+cFayz9Kaxpwkzesaqm5Pf7Vj8T/AW6EQA+yHytRBKfXBApsnu9zt3Pwlr9Zr9MxA==",
      "dependencies": [
        "@opentelemetry/api",
        "@sentry/core",
        "@sentry/server-utils"
      ]
    },
    "@sentry/server-utils@10.59.0": {
      "integrity": "sha512-mR3fWaU7uGxIstRba6YO+/6V3qIa7432F7/U8EWHry+dY4C9DWAVG90E2GCzeD2MwLSP0tB25i8p1TWTGiQgVg==",
      "dependencies": [
        "@apm-js-collab/code-transformer",
        "@apm-js-collab/code-transformer-bundler-plugins",
        "@apm-js-collab/tracing-hooks",
        "@sentry/conventions",
        "@sentry/core",
        "magic-string"
      ]
    },
    "@types/estree@1.0.9": {
      "integrity": "sha512-GhdPgy1el4/ImP05X05Uw4cw2/M93BCUmnEvWZNStlCzEKME4Fkk+YpoA5OiHNQmoS7Cafb8Xa3Pya8m1Qrzeg=="
    },
    "@types/luxon@3.7.2": {
      "integrity": "sha512-gW+Oib+vUtGJBtNC8V9Reww0oIpusw+4m81uncg9REGZAJfqOQHfo/nkabnc7w0QReXyPqjrbWMJk6NuAkiX3Q=="
    },
    "astring@1.9.0": {
      "integrity": "sha512-LElXdjswlqjWrPpJFg1Fx4wpkOCxj1TDHlSV4PlaRxHGWko024xICaa97ZkMfs6DRKlCguiAI+rbXv5GWwXIkg==",
      "bin": true
    },
    "debug@4.4.3": {
      "integrity": "sha512-RGwwWnwQvkVfavKVt22FGLw+xYSdzARwm0ru6DhTVA3umU5hZc28V3kO4stgYryrTlLpuvgI9GiijltAjNbcqA==",
      "dependencies": [
        "ms"
      ]
    },
    "es-module-lexer@2.1.0": {
      "integrity": "sha512-n27zTYMjYu1aj4MjCWzSP7G9r75utsaoc8m61weK+W8JMBGGQybd43GstCXZ3WNmSFtGT9wi59qQTW6mhTR5LQ=="
    },
    "esquery@1.7.0": {
      "integrity": "sha512-Ap6G0WQwcU/LHsvLwON1fAQX9Zp0A2Y6Y/cJBl9r/JbW90Zyg4/zbG6zzKa2OTALELarYHmKu0GhpM5EO+7T0g==",
      "dependencies": [
        "estraverse"
      ]
    },
    "estraverse@5.3.0": {
      "integrity": "sha512-MMdARuVEQziNTeJD8DgMqmhwR11BRQ/cBP+pLtYdSTnf3MIO8fFeiINEbX36ZdNlfU/7A9f3gUw49B3oQsvwBA=="
    },
    "luxon@3.7.2": {
      "integrity": "sha512-vtEhXh/gNjI9Yg1u4jX/0YVPMvxzHuGgCm6tC5kZyb08yjGWGnqAjGJvcXbqQR2P3MyMEFnRbpcdFS6PBcLqew=="
    },
    "magic-string@0.30.21": {
      "integrity": "sha512-vd2F4YUyEXKGcLHoq+TEyCjxueSeHnFxyyjNp80yg0XV4vUhnDer/lvvlqM/arB5bXQN5K2/3oinyCRyx8T2CQ==",
      "dependencies": [
        "@jridgewell/sourcemap-codec"
      ]
    },
    "meriyah@6.1.4": {
      "integrity": "sha512-Sz8FzjzI0kN13GK/6MVEsVzMZEPvOhnmmI1lU5+/1cGOiK3QUahntrNNtdVeihrO7t9JpoH75iMNXg6R6uWflQ=="
    },
    "module-details-from-path@1.0.4": {
      "integrity": "sha512-EGWKgxALGMgzvxYF1UyGTy0HXX/2vHLkw6+NvDKW2jypWbHpjQuj4UMcqQWXHERJhVGKikolT06G3bcKe4fi7w=="
    },
    "ms@2.1.3": {
      "integrity": "sha512-6FlzubTLZG3J2a/NVCAleEhjzq5oxgHyaCU9yYXvcLsvoVaHJq/s5xXI6/XXP6tz7R9xAOtHnSO/tXtF3WRTlA=="
    },
    "semifies@1.0.0": {
      "integrity": "sha512-xXR3KGeoxTNWPD4aBvL5NUpMTT7WMANr3EWnaS190QVkY52lqqcVRD7Q05UVbBhiWDGWMlJEUam9m7uFFGVScw=="
    },
    "source-map@0.6.1": {
      "integrity": "sha512-UjgapumWlbMhkBgzT7Ykc5YXUT46F0iKu8SGXq0bcwP5dz/h0Plj6enJqjz1Zbq2l5WaqYnrVbwWOWMyF3F47g=="
    },
    "zod@4.4.3": {
      "integrity": "sha512-ytENFjIJFl2UwYglde2jchW2Hwm4GJFLDiSXWdTrJQBIN9Fcyp7n4DhxJEiWNAJMV1/BqWfW/kkg71UDcHJyTQ=="
    }
  },
  "redirects": {
    "https://lib.deno.dev/x/grammy@v1/mod.ts": "https://deno.land/x/grammy@v1.44.0/mod.ts",
    "https://lib.deno.dev/x/grammy@v1/types.ts": "https://deno.land/x/grammy@v1.44.0/types.ts"
  },
  "remote": {
    "https://cdn.skypack.dev/-/debug@v4.4.3-Brh22weuCvWY3rcSd25Q/dist=es2019,mode=imports/optimized/debug.js": "931098fa073c5244168f500d7eecf16557a6ff58fdefe079384f427b8d0ac915",
    "https://cdn.skypack.dev/-/ms@v2.1.3-dWyghJmVCt8Lp5D9h2ww/dist=es2019,mode=imports/optimized/ms.js": "fd88e2d51900437011f1ad232f3393ce97db1b87a7844b3c58dd6d65562c1276",
    "https://cdn.skypack.dev/debug@4.4.3": "4be25679f8af63e0d2f06afee7f8c1411f1c3144be3d3e96ab31e198e4a6d5cd",
    "https://deno.land/x/grammy@v1.44.0/bot.ts": "7696364947f63bb67eceb082c8db30cac621415a3c1f16ccc2e2f8ede0c4c659",
    "https://deno.land/x/grammy@v1.44.0/composer.ts": "4fcfc5c5b68107c0e0f24a9b00a5f3cf8d4ed0adee964be17005d96782e09562",
    "https://deno.land/x/grammy@v1.44.0/context.ts": "123d199faef177ffc2663f3a01142f26542a36a35d3f81d08c4c089320dd81ea",
    "https://deno.land/x/grammy@v1.44.0/convenience/constants.ts": "fc972813cc017f707958631d7959e95b83968615a941da55d83176dff37519e3",
    "https://deno.land/x/grammy@v1.44.0/convenience/frameworks.ts": "21732d143f24828b93082265f201d40f1af64903ad784cece86e4da1b1e61390",
    "https://deno.land/x/grammy@v1.44.0/convenience/inline_query.ts": "e21ffb02c966e63ac7c3526920ad64a298c618eb587e7bd8b762564fe85b2bdc",
    "https://deno.land/x/grammy@v1.44.0/convenience/input_media.ts": "7af72a5fdb1af0417e31b1327003f536ddfdf64e06ab8bc7f5da6b574de38658",
    "https://deno.land/x/grammy@v1.44.0/convenience/keyboard.ts": "deb8403a6f3d106080651ef6f738490b6bc50713ae3fa5ac0fd50020873c70d0",
    "https://deno.land/x/grammy@v1.44.0/convenience/session.ts": "5e4b976528a0b3d7893645ac23e2e35e78671af578a3aed5efb4b621e7e9b6da",
    "https://deno.land/x/grammy@v1.44.0/convenience/webhook.ts": "ff89a9472a87e47adb343dbb29ead04f668b1f4ca0d9ae47a6bdf29575ace824",
    "https://deno.land/x/grammy@v1.44.0/core/api.ts": "49baf0ca43aa79ae45883d1f6de58f7c3849a9ae7cc2252523745f989c51c297",
    "https://deno.land/x/grammy@v1.44.0/core/client.ts": "81a92be6ab463df72882243c9690d84d46285bd11680e7a0d2e624944a092384",
    "https://deno.land/x/grammy@v1.44.0/core/error.ts": "9fd6695e201dc04a30e1688f65ab08729a1e821236a2322514f1e8763a03ad6e",
    "https://deno.land/x/grammy@v1.44.0/core/payload.ts": "5e27679acca66cbca981e2b77b206da3efe262f69d4638290b3567f514f50a0e",
    "https://deno.land/x/grammy@v1.44.0/filter.ts": "8d6421448f0d0b0bdc9ee1a4b379a9823ebc868d7cac8c6df6d4e291270f925a",
    "https://deno.land/x/grammy@v1.44.0/mod.ts": "a973e356760eed1b58bc89280e6eb41bbdf74035f6348c08d6cebf50da1dac34",
    "https://deno.land/x/grammy@v1.44.0/platform.deno.ts": "bff65a7efb99b4645ad20d7c4041a61b7faf55b14261ee75363d9bd0c6d7ee8a",
    "https://deno.land/x/grammy@v1.44.0/types.deno.ts": "2a19e5a4f745c74fe1c89055d666f958ceec78c9bd429062167c2ac78530fcb4",
    "https://deno.land/x/grammy@v1.44.0/types.ts": "729415590dfa188dbe924dea614dff4e976babdbabb28a307b869fc25777cdf0",
    "https://deno.land/x/grammy_conversations@v1.2.0/conversation.ts": "4bcad06e2ac562969a7a6661bb1cf1477a3fe9e537c18419de65c456feb69499",
    "https://deno.land/x/grammy_conversations@v1.2.0/deps.deno.ts": "c982798d7ca4cd3ebcd5a24319d03c5980dc47827b5a172a77022859abdb404e",
    "https://deno.land/x/grammy_conversations@v1.2.0/form.ts": "d2d527fdcb26eb489b4aa1a183ae3aa14bf185a375ebf7d5c6ab8360e8b0e170",
    "https://deno.land/x/grammy_conversations@v1.2.0/mod.ts": "4234b7a353ebb6770352c8b1fcafb0de40abd764cc44ae018f10b29c3a065b50",
    "https://deno.land/x/grammy_conversations@v1.2.0/utils.ts": "139ebe78dbf078d3bbf8cbc78ad286125a08e7e7895d4985fff7be9cef328e20",
    "https://deno.land/x/grammy_types@v3.28.0/api.ts": "ae04d6628e3d25ae805bc07a19475065044fc44cde0a40877405bc3544d03a5f",
    "https://deno.land/x/grammy_types@v3.28.0/checklist.ts": "c8f5f0128ca96d8cc4c33b45040ea9436ecf92997d6f5a5e2fa6a85798f465d6",
    "https://deno.land/x/grammy_types@v3.28.0/inline.ts": "b5ae73fa3db37ab0f87cf1c27df3a7dcd8e8f0efc95e5b2e8f691f0ffe31dd0a",
    "https://deno.land/x/grammy_types@v3.28.0/langs.ts": "5f5fd09c58ba3ae942dd7cea2696f95587d2032c1829bba4bca81762b7ef73b6",
    "https://deno.land/x/grammy_types@v3.28.0/manage.ts": "94b995379c24a24de7f6c895c315343f82e3801d53daad7ba977eb4aa9557432",
    "https://deno.land/x/grammy_types@v3.28.0/markup.ts": "01d82b84f6fe338e55f44348debd9e054478058e1e3f59d65d5c2b752ac136b7",
    "https://deno.land/x/grammy_types@v3.28.0/message.ts": "2f4570b88a544f0d804e35b2ac90ab1a844aa51f108d149b35dd347e2ca18fb8",
    "https://deno.land/x/grammy_types@v3.28.0/methods.ts": "c9baafbe81566dcb3f3c965ad8e6fb1a274b8656560b449056edf4b3749a6e44",
    "https://deno.land/x/grammy_types@v3.28.0/mod.ts": "dc2efbffd0800e84439085bf2ccb8ea0b749140dd4d9061d475f76525efa788f",
    "https://deno.land/x/grammy_types@v3.28.0/passport.ts": "19820e7d6c279521f8bc8912d6a378239f73d4ab525453808994b5f44ef95215",
    "https://deno.land/x/grammy_types@v3.28.0/payment.ts": "5a7b33fefa5772b2c6d6b3e2fa7043d0483e40b6880698c788d8f82e8b7b6662",
    "https://deno.land/x/grammy_types@v3.28.0/rich.ts": "19c8aac012f52ef4c367546f145d17b26912642dd8360d280a1fc1d32611e2d6",
    "https://deno.land/x/grammy_types@v3.28.0/settings.ts": "43879f885b8d76877640810246a5e4a0e495c6d364fd06e99ad1cb8920b4b5cf",
    "https://deno.land/x/grammy_types@v3.28.0/story.ts": "f558c6e6054a43fa1403c2376f7c0b51e2138f4e0d13f0f6e870ffd1cd085ae2",
    "https://deno.land/x/grammy_types@v3.28.0/update.ts": "d03351337e40465708a53c4ccbd56ba6cf1dc889e7312b3eab8bc50cb0edc5b7",
    "https://deno.land/x/oson@1.0.1/constructors.ts": "2b77dcdc8d8db5ece2860d1657f4dcef37dd761684f1d4b9535c7e56a0fbfcf6",
    "https://deno.land/x/oson@1.0.1/mod.ts": "54e494dc517ce0de6c727c25d9731ccc748e8646c883e922dc5d656f523a4e5b",
    "https://deno.land/x/oson@1.0.1/oson.ts": "ec3908ae5c9ceff7bfd869d95a2183b929b9d96fbff44b57d28d3b742d06a4a1"
  },
  "workspace": {
    "dependencies": [
      "npm:@sentry/deno@10.59.0",
      "npm:@types/luxon@^3.7.2",
      "npm:luxon@^3.7.2",
      "npm:zod@^4.4.3"
    ]
  }
}
